
Microsoft Visual Studio Solution File, Format Version 12.00
# Visual Studio 15
VisualStudioVersion = 15.0.26430.14
MinimumVisualStudioVersion = 10.0.40219.1
Project("{9A19103F-16F7-4668-BE54-9A1E7A4F7556}") = "UniDortmund.FaProSS17P3G1.MapGenerator", "UniDortmund.FaProSS17P3G1.MapGenerator\UniDortmund.FaProSS17P3G1.MapGenerator.csproj", "{890809DF-FF6F-42FE-9219-14B0996A5C08}"
EndProject
Project("{FAE04EC0-301F-11D3-BF4B-00C04F79EFBC}") = "UniDortmund.FaProSS17P3G1.MapGenerator.Tests", "UniDortmund.FaProSS17P3G1.MapGenerator.Tests\UniDortmund.FaProSS17P3G1.MapGenerator.Tests.csproj", "{87ECB2BD-D4E9-434C-B53E-223BB74E0F77}"
EndProject
Global
	GlobalSection(SolutionConfigurationPlatforms) = preSolution
		Debug|Any CPU = Debug|Any CPU
		Release|Any CPU = Release|Any CPU
	EndGlobalSection
	GlobalSection(ProjectConfigurationPlatforms) = postSolution
		{890809DF-FF6F-42FE-9219-14B0996A5C08}.Debug|Any CPU.ActiveCfg = Debug|Any CPU
		{890809DF-FF6F-42FE-9219-14B0996A5C08}.Debug|Any CPU.Build.0 = Debug|Any CPU
		{890809DF-FF6F-42FE-9219-14B0996A5C08}.Release|Any CPU.ActiveCfg = Release|Any CPU
		{890809DF-FF6F-42FE-9219-14B0996A5C08}.Release|Any CPU.Build.0 = Release|Any CPU
		{87ECB2BD-D4E9-434C-B53E-223BB74E0F77}.Debug|Any CPU.ActiveCfg = Debug|Any CPU
		{87ECB2BD-D4E9-434C-B53E-223BB74E0F77}.Debug|Any CPU.Build.0 = Debug|Any CPU
		{87ECB2BD-D4E9-434C-B53E-223BB74E0F77}.Release|Any CPU.ActiveCfg = Release|Any CPU
		{87ECB2BD-D4E9-434C-B53E-223BB74E0F77}.Release|Any CPU.Build.0 = Release|Any CPU
	EndGlobalSection
	GlobalSection(SolutionProperties) = preSolution
		HideSolutionNode = FALSE
	EndGlobalSection
EndGlobal
